
Microsoft Visual Studio Solution File, Format Version 12.00
# Visual Studio 15
VisualStudioVersion = 15.0.26730.3
MinimumVisualStudioVersion = 10.0.40219.1
Project("{FAE04EC0-301F-11D3-BF4B-00C04F79EFBC}") = "DomenaManager", "DomenaManager\DomenaManager.csproj", "{F3099DC6-629F-4385-ADAD-4258507BC943}"
EndProject
Project("{2150E333-8FDC-42A3-9474-1A3956D46DE8}") = ".nuget", ".nuget", "{D33C03C8-BBE0-4ADC-AEB3-11E524A51B48}"
	ProjectSection(SolutionItems) = preProject
		.nuget\NuGet.Config = .nuget\NuGet.Config
		.nuget\NuGet.exe = .nuget\NuGet.exe
		.nuget\NuGet.targets = .nuget\NuGet.targets
	EndProjectSection
EndProject
Project("{FAE04EC0-301F-11D3-BF4B-00C04F79EFBC}") = "LibDataModel", "LibDataModel\LibDataModel.csproj", "{86DCFB22-0393-4208-80DF-C90424DB3520}"
EndProject
Project("{FAE04EC0-301F-11D3-BF4B-00C04F79EFBC}") = "MyCustomControls", "C:\Users\andre\Documents\Visual Studio 2017\Projects\TestControl\MyCustomControls\MyCustomControls.csproj", "{5219D758-8D20-4B6B-8492-E84826A9B339}"
EndProject
Global
	GlobalSection(SolutionConfigurationPlatforms) = preSolution
		Debug|Any CPU = Debug|Any CPU
		Debug|Mixed Platforms = Debug|Mixed Platforms
		Debug|x64 = Debug|x64
		Debug|x86 = Debug|x86
		Release|Any CPU = Release|Any CPU
		Release|Mixed Platforms = Release|Mixed Platforms
		Release|x64 = Release|x64
		Release|x86 = Release|x86
		ReleasePolfarmex|Any CPU = ReleasePolfarmex|Any CPU
		ReleasePolfarmex|Mixed Platforms = ReleasePolfarmex|Mixed Platforms
		ReleasePolfarmex|x64 = ReleasePolfarmex|x64
		ReleasePolfarmex|x86 = ReleasePolfarmex|x86
		ReleaseValeant|Any CPU = ReleaseValeant|Any CPU
		ReleaseValeant|Mixed Platforms = ReleaseValeant|Mixed Platforms
		ReleaseValeant|x64 = ReleaseValeant|x64
		ReleaseValeant|x86 = ReleaseValeant|x86
		ReleaseValeantSS4|Any CPU = ReleaseValeantSS4|Any CPU
		ReleaseValeantSS4|Mixed Platforms = ReleaseValeantSS4|Mixed Platforms
		ReleaseValeantSS4|x64 = ReleaseValeantSS4|x64
		ReleaseValeantSS4|x86 = ReleaseValeantSS4|x86
		ReleaseZentiva|Any CPU = ReleaseZentiva|Any CPU
		ReleaseZentiva|Mixed Platforms = ReleaseZentiva|Mixed Platforms
		ReleaseZentiva|x64 = ReleaseZentiva|x64
		ReleaseZentiva|x86 = ReleaseZentiva|x86
	EndGlobalSection
	GlobalSection(ProjectConfigurationPlatforms) = postSolution
		{F3099DC6-629F-4385-ADAD-4258507BC943}.Debug|Any CPU.ActiveCfg = Debug|Any CPU
		{F3099DC6-629F-4385-ADAD-4258507BC943}.Debug|Any CPU.Build.0 = Debug|Any CPU
		{F3099DC6-629F-4385-ADAD-4258507BC943}.Debug|Mixed Platforms.ActiveCfg = Debug|Any CPU
		{F3099DC6-629F-4385-ADAD-4258507BC943}.Debug|Mixed Platforms.Build.0 = Debug|Any CPU
		{F3099DC6-629F-4385-ADAD-4258507BC943}.Debug|x64.ActiveCfg = Debug|Any CPU
		{F3099DC6-629F-4385-ADAD-4258507BC943}.Debug|x86.ActiveCfg = Debug|Any CPU
		{F3099DC6-629F-4385-ADAD-4258507BC943}.Release|Any CPU.ActiveCfg = Release|Any CPU
		{F3099DC6-629F-4385-ADAD-4258507BC943}.Release|Any CPU.Build.0 = Release|Any CPU
		{F3099DC6-629F-4385-ADAD-4258507BC943}.Release|Mixed Platforms.ActiveCfg = Release|Any CPU
		{F3099DC6-629F-4385-ADAD-4258507BC943}.Release|Mixed Platforms.Build.0 = Release|Any CPU
		{F3099DC6-629F-4385-ADAD-4258507BC943}.Release|x64.ActiveCfg = Release|Any CPU
		{F3099DC6-629F-4385-ADAD-4258507BC943}.Release|x86.ActiveCfg = Release|Any CPU
		{F3099DC6-629F-4385-ADAD-4258507BC943}.ReleasePolfarmex|Any CPU.ActiveCfg = Release|Any CPU
		{F3099DC6-629F-4385-ADAD-4258507BC943}.ReleasePolfarmex|Any CPU.Build.0 = Release|Any CPU
		{F3099DC6-629F-4385-ADAD-4258507BC943}.ReleasePolfarmex|Mixed Platforms.ActiveCfg = Release|Any CPU
		{F3099DC6-629F-4385-ADAD-4258507BC943}.ReleasePolfarmex|Mixed Platforms.Build.0 = Release|Any CPU
		{F3099DC6-629F-4385-ADAD-4258507BC943}.ReleasePolfarmex|x64.ActiveCfg = Release|Any CPU
		{F3099DC6-629F-4385-ADAD-4258507BC943}.ReleasePolfarmex|x86.ActiveCfg = Release|Any CPU
		{F3099DC6-629F-4385-ADAD-4258507BC943}.ReleaseValeant|Any CPU.ActiveCfg = Release|Any CPU
		{F3099DC6-629F-4385-ADAD-4258507BC943}.ReleaseValeant|Any CPU.Build.0 = Release|Any CPU
		{F3099DC6-629F-4385-ADAD-4258507BC943}.ReleaseValeant|Mixed Platforms.ActiveCfg = Release|Any CPU
		{F3099DC6-629F-4385-ADAD-4258507BC943}.ReleaseValeant|Mixed Platforms.Build.0 = Release|Any CPU
		{F3099DC6-629F-4385-ADAD-4258507BC943}.ReleaseValeant|x64.ActiveCfg = Release|Any CPU
		{F3099DC6-629F-4385-ADAD-4258507BC943}.ReleaseValeant|x86.ActiveCfg = Release|Any CPU
		{F3099DC6-629F-4385-ADAD-4258507BC943}.ReleaseValeantSS4|Any CPU.ActiveCfg = Release|Any CPU
		{F3099DC6-629F-4385-ADAD-4258507BC943}.ReleaseValeantSS4|Any CPU.Build.0 = Release|Any CPU
		{F3099DC6-629F-4385-ADAD-4258507BC943}.ReleaseValeantSS4|Mixed Platforms.ActiveCfg = Release|Any CPU
		{F3099DC6-629F-4385-ADAD-4258507BC943}.ReleaseValeantSS4|Mixed Platforms.Build.0 = Release|Any CPU
		{F3099DC6-629F-4385-ADAD-4258507BC943}.ReleaseValeantSS4|x64.ActiveCfg = Release|Any CPU
		{F3099DC6-629F-4385-ADAD-4258507BC943}.ReleaseValeantSS4|x86.ActiveCfg = Release|Any CPU
		{F3099DC6-629F-4385-ADAD-4258507BC943}.ReleaseZentiva|Any CPU.ActiveCfg = Release|Any CPU
		{F3099DC6-629F-4385-ADAD-4258507BC943}.ReleaseZentiva|Any CPU.Build.0 = Release|Any CPU
		{F3099DC6-629F-4385-ADAD-4258507BC943}.ReleaseZentiva|Mixed Platforms.ActiveCfg = Release|Any CPU
		{F3099DC6-629F-4385-ADAD-4258507BC943}.ReleaseZentiva|Mixed Platforms.Build.0 = Release|Any CPU
		{F3099DC6-629F-4385-ADAD-4258507BC943}.ReleaseZentiva|x64.ActiveCfg = Release|Any CPU
		{F3099DC6-629F-4385-ADAD-4258507BC943}.ReleaseZentiva|x86.ActiveCfg = Release|Any CPU
		{86DCFB22-0393-4208-80DF-C90424DB3520}.Debug|Any CPU.ActiveCfg = Debug|Any CPU
		{86DCFB22-0393-4208-80DF-C90424DB3520}.Debug|Any CPU.Build.0 = Debug|Any CPU
		{86DCFB22-0393-4208-80DF-C90424DB3520}.Debug|Mixed Platforms.ActiveCfg = Debug|Any CPU
		{86DCFB22-0393-4208-80DF-C90424DB3520}.Debug|Mixed Platforms.Build.0 = Debug|Any CPU
		{86DCFB22-0393-4208-80DF-C90424DB3520}.Debug|x64.ActiveCfg = Debug|Any CPU
		{86DCFB22-0393-4208-80DF-C90424DB3520}.Debug|x86.ActiveCfg = Debug|Any CPU
		{86DCFB22-0393-4208-80DF-C90424DB3520}.Release|Any CPU.ActiveCfg = Release|Any CPU
		{86DCFB22-0393-4208-80DF-C90424DB3520}.Release|Any CPU.Build.0 = Release|Any CPU
		{86DCFB22-0393-4208-80DF-C90424DB3520}.Release|Mixed Platforms.ActiveCfg = Release|Any CPU
		{86DCFB22-0393-4208-80DF-C90424DB3520}.Release|Mixed Platforms.Build.0 = Release|Any CPU
		{86DCFB22-0393-4208-80DF-C90424DB3520}.Release|x64.ActiveCfg = Release|Any CPU
		{86DCFB22-0393-4208-80DF-C90424DB3520}.Release|x86.ActiveCfg = Release|Any CPU
		{86DCFB22-0393-4208-80DF-C90424DB3520}.ReleasePolfarmex|Any CPU.ActiveCfg = Release|Any CPU
		{86DCFB22-0393-4208-80DF-C90424DB3520}.ReleasePolfarmex|Any CPU.Build.0 = Release|Any CPU
		{86DCFB22-0393-4208-80DF-C90424DB3520}.ReleasePolfarmex|Mixed Platforms.ActiveCfg = Release|Any CPU
		{86DCFB22-0393-4208-80DF-C90424DB3520}.ReleasePolfarmex|Mixed Platforms.Build.0 = Release|Any CPU
		{86DCFB22-0393-4208-80DF-C90424DB3520}.ReleasePolfarmex|x64.ActiveCfg = Release|Any CPU
		{86DCFB22-0393-4208-80DF-C90424DB3520}.ReleasePolfarmex|x86.ActiveCfg = Release|Any CPU
		{86DCFB22-0393-4208-80DF-C90424DB3520}.ReleaseValeant|Any CPU.ActiveCfg = Release|Any CPU
		{86DCFB22-0393-4208-80DF-C90424DB3520}.ReleaseValeant|Any CPU.Build.0 = Release|Any CPU
		{86DCFB22-0393-4208-80DF-C90424DB3520}.ReleaseValeant|Mixed Platforms.ActiveCfg = Release|Any CPU
		{86DCFB22-0393-4208-80DF-C90424DB3520}.ReleaseValeant|Mixed Platforms.Build.0 = Release|Any CPU
		{86DCFB22-0393-4208-80DF-C90424DB3520}.ReleaseValeant|x64.ActiveCfg = Release|Any CPU
		{86DCFB22-0393-4208-80DF-C90424DB3520}.ReleaseValeant|x86.ActiveCfg = Release|Any CPU
		{86DCFB22-0393-4208-80DF-C90424DB3520}.ReleaseValeantSS4|Any CPU.ActiveCfg = Release|Any CPU
		{86DCFB22-0393-4208-80DF-C90424DB3520}.ReleaseValeantSS4|Any CPU.Build.0 = Release|Any CPU
		{86DCFB22-0393-4208-80DF-C90424DB3520}.ReleaseValeantSS4|Mixed Platforms.ActiveCfg = Release|Any CPU
		{86DCFB22-0393-4208-80DF-C90424DB3520}.ReleaseValeantSS4|Mixed Platforms.Build.0 = Release|Any CPU
		{86DCFB22-0393-4208-80DF-C90424DB3520}.ReleaseValeantSS4|x64.ActiveCfg = Release|Any CPU
		{86DCFB22-0393-4208-80DF-C90424DB3520}.ReleaseValeantSS4|x86.ActiveCfg = Release|Any CPU
		{86DCFB22-0393-4208-80DF-C90424DB3520}.ReleaseZentiva|Any CPU.ActiveCfg = Release|Any CPU
		{86DCFB22-0393-4208-80DF-C90424DB3520}.ReleaseZentiva|Any CPU.Build.0 = Release|Any CPU
		{86DCFB22-0393-4208-80DF-C90424DB3520}.ReleaseZentiva|Mixed Platforms.ActiveCfg = Release|Any CPU
		{86DCFB22-0393-4208-80DF-C90424DB3520}.ReleaseZentiva|Mixed Platforms.Build.0 = Release|Any CPU
		{86DCFB22-0393-4208-80DF-C90424DB3520}.ReleaseZentiva|x64.ActiveCfg = Release|Any CPU
		{86DCFB22-0393-4208-80DF-C90424DB3520}.ReleaseZentiva|x86.ActiveCfg = Release|Any CPU
		{5219D758-8D20-4B6B-8492-E84826A9B339}.Debug|Any CPU.ActiveCfg = Debug|Any CPU
		{5219D758-8D20-4B6B-8492-E84826A9B339}.Debug|Any CPU.Build.0 = Debug|Any CPU
		{5219D758-8D20-4B6B-8492-E84826A9B339}.Debug|Mixed Platforms.ActiveCfg = Debug|Any CPU
		{5219D758-8D20-4B6B-8492-E84826A9B339}.Debug|Mixed Platforms.Build.0 = Debug|Any CPU
		{5219D758-8D20-4B6B-8492-E84826A9B339}.Debug|x64.ActiveCfg = Debug|Any CPU
		{5219D758-8D20-4B6B-8492-E84826A9B339}.Debug|x64.Build.0 = Debug|Any CPU
		{5219D758-8D20-4B6B-8492-E84826A9B339}.Debug|x86.ActiveCfg = Debug|Any CPU
		{5219D758-8D20-4B6B-8492-E84826A9B339}.Debug|x86.Build.0 = Debug|Any CPU
		{5219D758-8D20-4B6B-8492-E84826A9B339}.Release|Any CPU.ActiveCfg = Release|Any CPU
		{5219D758-8D20-4B6B-8492-E84826A9B339}.Release|Any CPU.Build.0 = Release|Any CPU
		{5219D758-8D20-4B6B-8492-E84826A9B339}.Release|Mixed Platforms.ActiveCfg = Release|Any CPU
		{5219D758-8D20-4B6B-8492-E84826A9B339}.Release|Mixed Platforms.Build.0 = Release|Any CPU
		{5219D758-8D20-4B6B-8492-E84826A9B339}.Release|x64.ActiveCfg = Release|Any CPU
		{5219D758-8D20-4B6B-8492-E84826A9B339}.Release|x64.Build.0 = Release|Any CPU
		{5219D758-8D20-4B6B-8492-E84826A9B339}.Release|x86.ActiveCfg = Release|Any CPU
		{5219D758-8D20-4B6B-8492-E84826A9B339}.Release|x86.Build.0 = Release|Any CPU
		{5219D758-8D20-4B6B-8492-E84826A9B339}.ReleasePolfarmex|Any CPU.ActiveCfg = Release|Any CPU
		{5219D758-8D20-4B6B-8492-E84826A9B339}.ReleasePolfarmex|Any CPU.Build.0 = Release|Any CPU
		{5219D758-8D20-4B6B-8492-E84826A9B339}.ReleasePolfarmex|Mixed Platforms.ActiveCfg = Release|Any CPU
		{5219D758-8D20-4B6B-8492-E84826A9B339}.ReleasePolfarmex|Mixed Platforms.Build.0 = Release|Any CPU
		{5219D758-8D20-4B6B-8492-E84826A9B339}.ReleasePolfarmex|x64.ActiveCfg = Release|Any CPU
		{5219D758-8D20-4B6B-8492-E84826A9B339}.ReleasePolfarmex|x64.Build.0 = Release|Any CPU
		{5219D758-8D20-4B6B-8492-E84826A9B339}.ReleasePolfarmex|x86.ActiveCfg = Release|Any CPU
		{5219D758-8D20-4B6B-8492-E84826A9B339}.ReleasePolfarmex|x86.Build.0 = Release|Any CPU
		{5219D758-8D20-4B6B-8492-E84826A9B339}.ReleaseValeant|Any CPU.ActiveCfg = Release|Any CPU
		{5219D758-8D20-4B6B-8492-E84826A9B339}.ReleaseValeant|Any CPU.Build.0 = Release|Any CPU
		{5219D758-8D20-4B6B-8492-E84826A9B339}.ReleaseValeant|Mixed Platforms.ActiveCfg = Release|Any CPU
		{5219D758-8D20-4B6B-8492-E84826A9B339}.ReleaseValeant|Mixed Platforms.Build.0 = Release|Any CPU
		{5219D758-8D20-4B6B-8492-E84826A9B339}.ReleaseValeant|x64.ActiveCfg = Release|Any CPU
		{5219D758-8D20-4B6B-8492-E84826A9B339}.ReleaseValeant|x64.Build.0 = Release|Any CPU
		{5219D758-8D20-4B6B-8492-E84826A9B339}.ReleaseValeant|x86.ActiveCfg = Release|Any CPU
		{5219D758-8D20-4B6B-8492-E84826A9B339}.ReleaseValeant|x86.Build.0 = Release|Any CPU
		{5219D758-8D20-4B6B-8492-E84826A9B339}.ReleaseValeantSS4|Any CPU.ActiveCfg = Release|Any CPU
		{5219D758-8D20-4B6B-8492-E84826A9B339}.ReleaseValeantSS4|Any CPU.Build.0 = Release|Any CPU
		{5219D758-8D20-4B6B-8492-E84826A9B339}.ReleaseValeantSS4|Mixed Platforms.ActiveCfg = Release|Any CPU
		{5219D758-8D20-4B6B-8492-E84826A9B339}.ReleaseValeantSS4|Mixed Platforms.Build.0 = Release|Any CPU
		{5219D758-8D20-4B6B-8492-E84826A9B339}.ReleaseValeantSS4|x64.ActiveCfg = Release|Any CPU
		{5219D758-8D20-4B6B-8492-E84826A9B339}.ReleaseValeantSS4|x64.Build.0 = Release|Any CPU
		{5219D758-8D20-4B6B-8492-E84826A9B339}.ReleaseValeantSS4|x86.ActiveCfg = Release|Any CPU
		{5219D758-8D20-4B6B-8492-E84826A9B339}.ReleaseValeantSS4|x86.Build.0 = Release|Any CPU
		{5219D758-8D20-4B6B-8492-E84826A9B339}.ReleaseZentiva|Any CPU.ActiveCfg = Release|Any CPU
		{5219D758-8D20-4B6B-8492-E84826A9B339}.ReleaseZentiva|Any CPU.Build.0 = Release|Any CPU
		{5219D758-8D20-4B6B-8492-E84826A9B339}.ReleaseZentiva|Mixed Platforms.ActiveCfg = Release|Any CPU
		{5219D758-8D20-4B6B-8492-E84826A9B339}.ReleaseZentiva|Mixed Platforms.Build.0 = Release|Any CPU
		{5219D758-8D20-4B6B-8492-E84826A9B339}.ReleaseZentiva|x64.ActiveCfg = Release|Any CPU
		{5219D758-8D20-4B6B-8492-E84826A9B339}.ReleaseZentiva|x64.Build.0 = Release|Any CPU
		{5219D758-8D20-4B6B-8492-E84826A9B339}.ReleaseZentiva|x86.ActiveCfg = Release|Any CPU
		{5219D758-8D20-4B6B-8492-E84826A9B339}.ReleaseZentiva|x86.Build.0 = Release|Any CPU
	EndGlobalSection
	GlobalSection(SolutionProperties) = preSolution
		HideSolutionNode = FALSE
	EndGlobalSection
	GlobalSection(ExtensibilityGlobals) = postSolution
		SolutionGuid = {35BC726D-9A6C-4417-AD4D-682B3609F4D8}
	EndGlobalSection
EndGlobal
